{
  "object": {
    "pins": [
      {
        "package": "DTPageControl",
        "repositoryURL": "https://github.com/demianturner/DTPageControl",
        "state": {
          "branch": null,
          "revision": "29ca838bc95688f4d7b9c8ff7626c5e716218149",
          "version": "1.0.2"
        }
      }
    ]
  },
  "version": 1
}
